
Microsoft Visual Studio Solution File, Format Version 12.00
# Visual Studio 15
VisualStudioVersion = 15.0.26228.4
MinimumVisualStudioVersion = 10.0.40219.1
Project("{FAE04EC0-301F-11D3-BF4B-00C04F79EFBC}") = "LargeData", "LargeData\LargeData.csproj", "{1A1881F6-54D4-4426-8CD9-A833525DA987}"
EndProject
Project("{2150E333-8FDC-42A3-9474-1A3956D46DE8}") = "Test", "Test", "{7776CC74-4D61-4409-A1B0-2A636B08D5E2}"
EndProject
Project("{FAE04EC0-301F-11D3-BF4B-00C04F79EFBC}") = "WebApi", "WebApi\WebApi.csproj", "{D5FF78D9-7F36-45B0-A248-4C3EA9F5DCBE}"
EndProject
Project("{FAE04EC0-301F-11D3-BF4B-00C04F79EFBC}") = "Client", "Client\Client.csproj", "{A18625D2-4101-4D81-A9D5-571126D2C0FB}"
EndProject
Global
	GlobalSection(SolutionConfigurationPlatforms) = preSolution
		Debug|Any CPU = Debug|Any CPU
		Release|Any CPU = Release|Any CPU
	EndGlobalSection
	GlobalSection(ProjectConfigurationPlatforms) = postSolution
		{1A1881F6-54D4-4426-8CD9-A833525DA987}.Debug|Any CPU.ActiveCfg = Debug|Any CPU
		{1A1881F6-54D4-4426-8CD9-A833525DA987}.Debug|Any CPU.Build.0 = Debug|Any CPU
		{1A1881F6-54D4-4426-8CD9-A833525DA987}.Release|Any CPU.ActiveCfg = Release|Any CPU
		{1A1881F6-54D4-4426-8CD9-A833525DA987}.Release|Any CPU.Build.0 = Release|Any CPU
		{D5FF78D9-7F36-45B0-A248-4C3EA9F5DCBE}.Debug|Any CPU.ActiveCfg = Debug|Any CPU
		{D5FF78D9-7F36-45B0-A248-4C3EA9F5DCBE}.Debug|Any CPU.Build.0 = Debug|Any CPU
		{D5FF78D9-7F36-45B0-A248-4C3EA9F5DCBE}.Release|Any CPU.ActiveCfg = Release|Any CPU
		{D5FF78D9-7F36-45B0-A248-4C3EA9F5DCBE}.Release|Any CPU.Build.0 = Release|Any CPU
		{A18625D2-4101-4D81-A9D5-571126D2C0FB}.Debug|Any CPU.ActiveCfg = Debug|Any CPU
		{A18625D2-4101-4D81-A9D5-571126D2C0FB}.Debug|Any CPU.Build.0 = Debug|Any CPU
		{A18625D2-4101-4D81-A9D5-571126D2C0FB}.Release|Any CPU.ActiveCfg = Release|Any CPU
		{A18625D2-4101-4D81-A9D5-571126D2C0FB}.Release|Any CPU.Build.0 = Release|Any CPU
	EndGlobalSection
	GlobalSection(SolutionProperties) = preSolution
		HideSolutionNode = FALSE
	EndGlobalSection
	GlobalSection(NestedProjects) = preSolution
		{D5FF78D9-7F36-45B0-A248-4C3EA9F5DCBE} = {7776CC74-4D61-4409-A1B0-2A636B08D5E2}
		{A18625D2-4101-4D81-A9D5-571126D2C0FB} = {7776CC74-4D61-4409-A1B0-2A636B08D5E2}
	EndGlobalSection
EndGlobal
